{
  "name": "a2a-test-app",
  "version": "0.1.0",
  "lockfileVersion": 3,
  "requires": true,
  "packages": {
    "": {
      "name": "a2a-test-app",
      "version": "0.1.0",
      "dependencies": {
        "@emgran/a2a-protocol": "file:../../packages/typescript"
      }
    },
    "../../packages/typescript": {
      "name": "@emgran/a2a-protocol",
      "version": "0.1.0",
      "license": "MIT",
      "devDependencies": {
        "@types/node": "^20.0.0",
        "typescript": "^5.0.0"
      }
    },
    "node_modules/@emgran/a2a-protocol": {
      "resolved": "../../packages/typescript",
      "link": true
    }
  }
}
